
Microsoft Visual Studio Solution File, Format Version 12.00
# Visual Studio Version 16
VisualStudioVersion = 16.0.31205.134
MinimumVisualStudioVersion = 10.0.40219.1
Project("{FAE04EC0-301F-11D3-BF4B-00C04F79EFBC}") = "ProjectSystem", "ProjectSystem\ProjectSystem.csproj", "{02FC5ADF-F31C-4762-9AA9-4DD8F93F0764}"
EndProject
Global
	GlobalSection(SolutionConfigurationPlatforms) = preSolution
		Debug|Any CPU = Debug|Any CPU
		Release|Any CPU = Release|Any CPU
	EndGlobalSection
	GlobalSection(ProjectConfigurationPlatforms) = postSolution
		{02FC5ADF-F31C-4762-9AA9-4DD8F93F0764}.Debug|Any CPU.ActiveCfg = Debug|Any CPU
		{02FC5ADF-F31C-4762-9AA9-4DD8F93F0764}.Debug|Any CPU.Build.0 = Debug|Any CPU
		{02FC5ADF-F31C-4762-9AA9-4DD8F93F0764}.Release|Any CPU.ActiveCfg = Release|Any CPU
		{02FC5ADF-F31C-4762-9AA9-4DD8F93F0764}.Release|Any CPU.Build.0 = Release|Any CPU
	EndGlobalSection
	GlobalSection(SolutionProperties) = preSolution
		HideSolutionNode = FALSE
	EndGlobalSection
	GlobalSection(ExtensibilityGlobals) = postSolution
		SolutionGuid = {E2E5B9FC-2E26-4F48-B072-9C277451C34D}
	EndGlobalSection
EndGlobal
